
Microsoft Visual Studio Solution File, Format Version 12.00
# Visual Studio 15
VisualStudioVersion = 15.0.27130.2010
MinimumVisualStudioVersion = 10.0.40219.1
Project("{FAE04EC0-301F-11D3-BF4B-00C04F79EFBC}") = "QuickBooksOnlineAPIs", "QuickBooksOnlineAPIs\QuickBooksOnlineAPIs.csproj", "{ABF171FD-9B4D-4DF9-95DF-9B95BF80559C}"
EndProject
Global
	GlobalSection(SolutionConfigurationPlatforms) = preSolution
		Debug|Any CPU = Debug|Any CPU
		Release|Any CPU = Release|Any CPU
	EndGlobalSection
	GlobalSection(ProjectConfigurationPlatforms) = postSolution
		{ABF171FD-9B4D-4DF9-95DF-9B95BF80559C}.Debug|Any CPU.ActiveCfg = Debug|Any CPU
		{ABF171FD-9B4D-4DF9-95DF-9B95BF80559C}.Debug|Any CPU.Build.0 = Debug|Any CPU
		{ABF171FD-9B4D-4DF9-95DF-9B95BF80559C}.Release|Any CPU.ActiveCfg = Release|Any CPU
		{ABF171FD-9B4D-4DF9-95DF-9B95BF80559C}.Release|Any CPU.Build.0 = Release|Any CPU
	EndGlobalSection
	GlobalSection(SolutionProperties) = preSolution
		HideSolutionNode = FALSE
	EndGlobalSection
	GlobalSection(ExtensibilityGlobals) = postSolution
		SolutionGuid = {67011060-67C8-44AB-9BF1-67A0F4D2AFA4}
	EndGlobalSection
EndGlobal
